
Microsoft Visual Studio Solution File, Format Version 12.00
# Visual Studio Version 16
VisualStudioVersion = 16.0.30406.217
MinimumVisualStudioVersion = 10.0.40219.1
Project("{9A19103F-16F7-4668-BE54-9A1E7A4F7556}") = "BlazorLoginWithJWT.Server", "BlazorLoginWithJWT\Server\BlazorLoginWithJWT.Server.csproj", "{F765A317-23EF-4B0F-925A-3E6DC267F1F2}"
EndProject
Project("{9A19103F-16F7-4668-BE54-9A1E7A4F7556}") = "BlazorLoginWithJWT.Client", "BlazorLoginWithJWT\Client\BlazorLoginWithJWT.Client.csproj", "{02BB69D4-B3E6-4AD0-BB0B-4828B42AD0E3}"
EndProject
Project("{9A19103F-16F7-4668-BE54-9A1E7A4F7556}") = "BlazorLoginWithJWT.Shared", "BlazorLoginWithJWT\Shared\BlazorLoginWithJWT.Shared.csproj", "{D36F0972-85B3-41BB-A600-4055E2D653A9}"
EndProject
Global
	GlobalSection(SolutionConfigurationPlatforms) = preSolution
		Debug|Any CPU = Debug|Any CPU
		Release|Any CPU = Release|Any CPU
	EndGlobalSection
	GlobalSection(ProjectConfigurationPlatforms) = postSolution
		{F765A317-23EF-4B0F-925A-3E6DC267F1F2}.Debug|Any CPU.ActiveCfg = Debug|Any CPU
		{F765A317-23EF-4B0F-925A-3E6DC267F1F2}.Debug|Any CPU.Build.0 = Debug|Any CPU
		{F765A317-23EF-4B0F-925A-3E6DC267F1F2}.Release|Any CPU.ActiveCfg = Release|Any CPU
		{F765A317-23EF-4B0F-925A-3E6DC267F1F2}.Release|Any CPU.Build.0 = Release|Any CPU
		{02BB69D4-B3E6-4AD0-BB0B-4828B42AD0E3}.Debug|Any CPU.ActiveCfg = Debug|Any CPU
		{02BB69D4-B3E6-4AD0-BB0B-4828B42AD0E3}.Debug|Any CPU.Build.0 = Debug|Any CPU
		{02BB69D4-B3E6-4AD0-BB0B-4828B42AD0E3}.Release|Any CPU.ActiveCfg = Release|Any CPU
		{02BB69D4-B3E6-4AD0-BB0B-4828B42AD0E3}.Release|Any CPU.Build.0 = Release|Any CPU
		{D36F0972-85B3-41BB-A600-4055E2D653A9}.Debug|Any CPU.ActiveCfg = Debug|Any CPU
		{D36F0972-85B3-41BB-A600-4055E2D653A9}.Debug|Any CPU.Build.0 = Debug|Any CPU
		{D36F0972-85B3-41BB-A600-4055E2D653A9}.Release|Any CPU.ActiveCfg = Release|Any CPU
		{D36F0972-85B3-41BB-A600-4055E2D653A9}.Release|Any CPU.Build.0 = Release|Any CPU
	EndGlobalSection
	GlobalSection(SolutionProperties) = preSolution
		HideSolutionNode = FALSE
	EndGlobalSection
	GlobalSection(ExtensibilityGlobals) = postSolution
		SolutionGuid = {56E95EE9-5210-404A-8560-5FE41A621B18}
	EndGlobalSection
EndGlobal
